
Microsoft Visual Studio Solution File, Format Version 12.00
# Visual Studio Version 16
VisualStudioVersion = 16.0.29806.167
MinimumVisualStudioVersion = 10.0.40219.1
Project("{9A19103F-16F7-4668-BE54-9A1E7A4F7556}") = "RutotecaWeb", "RutotecaWeb.csproj", "{0E18FD5C-5ABA-49E6-9D29-D7337A818318}"
EndProject
Project("{FAE04EC0-301F-11D3-BF4B-00C04F79EFBC}") = "Service.Aemet", "..\ExternalServices\Service.AEMET\Service.Aemet.csproj", "{029B9EC8-4EC9-484D-907F-B7319996DBBE}"
EndProject
Global
	GlobalSection(SolutionConfigurationPlatforms) = preSolution
		Debug|Any CPU = Debug|Any CPU
		Release|Any CPU = Release|Any CPU
	EndGlobalSection
	GlobalSection(ProjectConfigurationPlatforms) = postSolution
		{0E18FD5C-5ABA-49E6-9D29-D7337A818318}.Debug|Any CPU.ActiveCfg = Debug|Any CPU
		{0E18FD5C-5ABA-49E6-9D29-D7337A818318}.Debug|Any CPU.Build.0 = Debug|Any CPU
		{0E18FD5C-5ABA-49E6-9D29-D7337A818318}.Release|Any CPU.ActiveCfg = Release|Any CPU
		{0E18FD5C-5ABA-49E6-9D29-D7337A818318}.Release|Any CPU.Build.0 = Release|Any CPU
		{029B9EC8-4EC9-484D-907F-B7319996DBBE}.Debug|Any CPU.ActiveCfg = Debug|Any CPU
		{029B9EC8-4EC9-484D-907F-B7319996DBBE}.Debug|Any CPU.Build.0 = Debug|Any CPU
		{029B9EC8-4EC9-484D-907F-B7319996DBBE}.Release|Any CPU.ActiveCfg = Release|Any CPU
		{029B9EC8-4EC9-484D-907F-B7319996DBBE}.Release|Any CPU.Build.0 = Release|Any CPU
	EndGlobalSection
	GlobalSection(SolutionProperties) = preSolution
		HideSolutionNode = FALSE
	EndGlobalSection
	GlobalSection(ExtensibilityGlobals) = postSolution
		SolutionGuid = {185C01BA-5DCB-4D3B-ADFA-77A2D9F485A8}
	EndGlobalSection
EndGlobal
